
Microsoft Visual Studio Solution File, Format Version 12.00
# Visual Studio Version 16
VisualStudioVersion = 16.0.30717.126
MinimumVisualStudioVersion = 10.0.40219.1
Project("{FAE04EC0-301F-11D3-BF4B-00C04F79EFBC}") = "Wp.WpfDemo.BLL", "Wp.WpfDemo.BLL\Wp.WpfDemo.BLL.csproj", "{2FCE183E-5C13-4573-BDAC-DECD4EAF3193}"
EndProject
Project("{FAE04EC0-301F-11D3-BF4B-00C04F79EFBC}") = "Wp.WpfDemo.Model", "Wp.WpfDemo.Model\Wp.WpfDemo.Model.csproj", "{BCC6AB90-F3D4-4EF5-86EE-6D9B5EEA6D2F}"
EndProject
Project("{FAE04EC0-301F-11D3-BF4B-00C04F79EFBC}") = "Wp.WpfDemo.UIL", "Wp.WpfDemo.UIL\Wp.WpfDemo.UIL.csproj", "{C1315605-F6F1-4544-AFAE-19820333A3EC}"
EndProject
Project("{FAE04EC0-301F-11D3-BF4B-00C04F79EFBC}") = "Wp.WpfDemo.ConsoleApp1", "Wp.WpfDemo.ConsoleApp1\Wp.WpfDemo.ConsoleApp1.csproj", "{FDE4F998-6012-4ABB-B065-97825E4F3BAE}"
EndProject
Project("{FAE04EC0-301F-11D3-BF4B-00C04F79EFBC}") = "Wp.WpfDemo.UIL.TestHandyControl", "Wp.WpfDemo.UIL.TestHandyControl\Wp.WpfDemo.UIL.TestHandyControl.csproj", "{E63741DA-E178-4936-9B33-66DCD3AA1449}"
EndProject
Project("{FAE04EC0-301F-11D3-BF4B-00C04F79EFBC}") = "Wp.WpfDemo.UIL.TestLiveChart", "Wp.WpfDemo.UIL.TestLiveChart\Wp.WpfDemo.UIL.TestLiveChart.csproj", "{772F0A62-AE0C-4042-A3AC-2B11480C4380}"
EndProject
Project("{FAE04EC0-301F-11D3-BF4B-00C04F79EFBC}") = "Wp.WpfDemo.UIL.TestPrism", "Wp.WpfDemo.UIL.TestPrism\Wp.WpfDemo.UIL.TestPrism.csproj", "{7E732066-D617-4DAE-BE84-0F95BDA36C3A}"
EndProject
Global
	GlobalSection(SolutionConfigurationPlatforms) = preSolution
		Debug|Any CPU = Debug|Any CPU
		Release|Any CPU = Release|Any CPU
	EndGlobalSection
	GlobalSection(ProjectConfigurationPlatforms) = postSolution
		{2FCE183E-5C13-4573-BDAC-DECD4EAF3193}.Debug|Any CPU.ActiveCfg = Debug|Any CPU
		{2FCE183E-5C13-4573-BDAC-DECD4EAF3193}.Debug|Any CPU.Build.0 = Debug|Any CPU
		{2FCE183E-5C13-4573-BDAC-DECD4EAF3193}.Release|Any CPU.ActiveCfg = Release|Any CPU
		{2FCE183E-5C13-4573-BDAC-DECD4EAF3193}.Release|Any CPU.Build.0 = Release|Any CPU
		{BCC6AB90-F3D4-4EF5-86EE-6D9B5EEA6D2F}.Debug|Any CPU.ActiveCfg = Debug|Any CPU
		{BCC6AB90-F3D4-4EF5-86EE-6D9B5EEA6D2F}.Debug|Any CPU.Build.0 = Debug|Any CPU
		{BCC6AB90-F3D4-4EF5-86EE-6D9B5EEA6D2F}.Release|Any CPU.ActiveCfg = Release|Any CPU
		{BCC6AB90-F3D4-4EF5-86EE-6D9B5EEA6D2F}.Release|Any CPU.Build.0 = Release|Any CPU
		{C1315605-F6F1-4544-AFAE-19820333A3EC}.Debug|Any CPU.ActiveCfg = Debug|Any CPU
		{C1315605-F6F1-4544-AFAE-19820333A3EC}.Debug|Any CPU.Build.0 = Debug|Any CPU
		{C1315605-F6F1-4544-AFAE-19820333A3EC}.Release|Any CPU.ActiveCfg = Release|Any CPU
		{C1315605-F6F1-4544-AFAE-19820333A3EC}.Release|Any CPU.Build.0 = Release|Any CPU
		{FDE4F998-6012-4ABB-B065-97825E4F3BAE}.Debug|Any CPU.ActiveCfg = Debug|Any CPU
		{FDE4F998-6012-4ABB-B065-97825E4F3BAE}.Debug|Any CPU.Build.0 = Debug|Any CPU
		{FDE4F998-6012-4ABB-B065-97825E4F3BAE}.Release|Any CPU.ActiveCfg = Release|Any CPU
		{FDE4F998-6012-4ABB-B065-97825E4F3BAE}.Release|Any CPU.Build.0 = Release|Any CPU
		{E63741DA-E178-4936-9B33-66DCD3AA1449}.Debug|Any CPU.ActiveCfg = Debug|Any CPU
		{E63741DA-E178-4936-9B33-66DCD3AA1449}.Debug|Any CPU.Build.0 = Debug|Any CPU
		{E63741DA-E178-4936-9B33-66DCD3AA1449}.Release|Any CPU.ActiveCfg = Release|Any CPU
		{E63741DA-E178-4936-9B33-66DCD3AA1449}.Release|Any CPU.Build.0 = Release|Any CPU
		{772F0A62-AE0C-4042-A3AC-2B11480C4380}.Debug|Any CPU.ActiveCfg = Debug|Any CPU
		{772F0A62-AE0C-4042-A3AC-2B11480C4380}.Debug|Any CPU.Build.0 = Debug|Any CPU
		{772F0A62-AE0C-4042-A3AC-2B11480C4380}.Release|Any CPU.ActiveCfg = Release|Any CPU
		{772F0A62-AE0C-4042-A3AC-2B11480C4380}.Release|Any CPU.Build.0 = Release|Any CPU
		{7E732066-D617-4DAE-BE84-0F95BDA36C3A}.Debug|Any CPU.ActiveCfg = Debug|Any CPU
		{7E732066-D617-4DAE-BE84-0F95BDA36C3A}.Debug|Any CPU.Build.0 = Debug|Any CPU
		{7E732066-D617-4DAE-BE84-0F95BDA36C3A}.Release|Any CPU.ActiveCfg = Release|Any CPU
		{7E732066-D617-4DAE-BE84-0F95BDA36C3A}.Release|Any CPU.Build.0 = Release|Any CPU
	EndGlobalSection
	GlobalSection(SolutionProperties) = preSolution
		HideSolutionNode = FALSE
	EndGlobalSection
	GlobalSection(ExtensibilityGlobals) = postSolution
		SolutionGuid = {89C1D540-3C95-4263-9E55-53DB3911D066}
	EndGlobalSection
EndGlobal
